
Microsoft Visual Studio Solution File, Format Version 12.00
# Visual Studio Version 17
VisualStudioVersion = 17.8.34511.84
MinimumVisualStudioVersion = 10.0.40219.1
Project("{9A19103F-16F7-4668-BE54-9A1E7A4F7556}") = "UDP_ChatServer", "UDP_ChatServer\UDP_ChatServer.csproj", "{83B70BE5-6425-4CCC-8133-8ED7C4B81996}"
EndProject
Project("{9A19103F-16F7-4668-BE54-9A1E7A4F7556}") = "UDP_ChatDataBase", "UDP_ChatDataBase\UDP_ChatDataBase.csproj", "{798FDFB3-005E-418B-823C-B12207432243}"
EndProject
Project("{9A19103F-16F7-4668-BE54-9A1E7A4F7556}") = "UDP_ChatUser", "UDP_ChatUser\UDP_ChatUser.csproj", "{6A8D91E7-A048-4823-A002-F75F15538539}"
EndProject
Global
	GlobalSection(SolutionConfigurationPlatforms) = preSolution
		Debug|Any CPU = Debug|Any CPU
		Release|Any CPU = Release|Any CPU
	EndGlobalSection
	GlobalSection(ProjectConfigurationPlatforms) = postSolution
		{83B70BE5-6425-4CCC-8133-8ED7C4B81996}.Debug|Any CPU.ActiveCfg = Debug|Any CPU
		{83B70BE5-6425-4CCC-8133-8ED7C4B81996}.Debug|Any CPU.Build.0 = Debug|Any CPU
		{83B70BE5-6425-4CCC-8133-8ED7C4B81996}.Release|Any CPU.ActiveCfg = Release|Any CPU
		{83B70BE5-6425-4CCC-8133-8ED7C4B81996}.Release|Any CPU.Build.0 = Release|Any CPU
		{798FDFB3-005E-418B-823C-B12207432243}.Debug|Any CPU.ActiveCfg = Debug|Any CPU
		{798FDFB3-005E-418B-823C-B12207432243}.Debug|Any CPU.Build.0 = Debug|Any CPU
		{798FDFB3-005E-418B-823C-B12207432243}.Release|Any CPU.ActiveCfg = Release|Any CPU
		{798FDFB3-005E-418B-823C-B12207432243}.Release|Any CPU.Build.0 = Release|Any CPU
		{6A8D91E7-A048-4823-A002-F75F15538539}.Debug|Any CPU.ActiveCfg = Debug|Any CPU
		{6A8D91E7-A048-4823-A002-F75F15538539}.Debug|Any CPU.Build.0 = Debug|Any CPU
		{6A8D91E7-A048-4823-A002-F75F15538539}.Release|Any CPU.ActiveCfg = Release|Any CPU
		{6A8D91E7-A048-4823-A002-F75F15538539}.Release|Any CPU.Build.0 = Release|Any CPU
	EndGlobalSection
	GlobalSection(SolutionProperties) = preSolution
		HideSolutionNode = FALSE
	EndGlobalSection
	GlobalSection(ExtensibilityGlobals) = postSolution
		SolutionGuid = {A06D815B-C5B1-4A6B-9FFA-F0072850EFF3}
	EndGlobalSection
EndGlobal
